
Microsoft Visual Studio Solution File, Format Version 12.00
# Visual Studio Version 16
VisualStudioVersion = 16.0.809.5
MinimumVisualStudioVersion = 10.0.40219.1
Project("{FAE04EC0-301F-11D3-BF4B-00C04F79EFBC}") = "composite_indexes", "composite_indexes.csproj", "{C442660E-E966-417B-9B75-3B0A26008407}"
EndProject
Global
	GlobalSection(SolutionConfigurationPlatforms) = preSolution
		Debug|Any CPU = Debug|Any CPU
		Release|Any CPU = Release|Any CPU
	EndGlobalSection
	GlobalSection(ProjectConfigurationPlatforms) = postSolution
		{C442660E-E966-417B-9B75-3B0A26008407}.Debug|Any CPU.ActiveCfg = Debug|Any CPU
		{C442660E-E966-417B-9B75-3B0A26008407}.Debug|Any CPU.Build.0 = Debug|Any CPU
		{C442660E-E966-417B-9B75-3B0A26008407}.Release|Any CPU.ActiveCfg = Release|Any CPU
		{C442660E-E966-417B-9B75-3B0A26008407}.Release|Any CPU.Build.0 = Release|Any CPU
	EndGlobalSection
	GlobalSection(SolutionProperties) = preSolution
		HideSolutionNode = FALSE
	EndGlobalSection
	GlobalSection(ExtensibilityGlobals) = postSolution
		SolutionGuid = {42B04D70-B063-4170-ABBF-EEF4BE903CFD}
	EndGlobalSection
EndGlobal
