
Microsoft Visual Studio Solution File, Format Version 12.00
# Visual Studio Version 16
VisualStudioVersion = 16.0.808.0
MinimumVisualStudioVersion = 10.0.40219.1
Project("{FAE04EC0-301F-11D3-BF4B-00C04F79EFBC}") = "dotnet_device2", "dotnet_device2.csproj", "{927EC277-BABB-4E7B-97DF-219E54C313CB}"
EndProject
Global
	GlobalSection(SolutionConfigurationPlatforms) = preSolution
		Debug|Any CPU = Debug|Any CPU
		Release|Any CPU = Release|Any CPU
	EndGlobalSection
	GlobalSection(ProjectConfigurationPlatforms) = postSolution
		{927EC277-BABB-4E7B-97DF-219E54C313CB}.Debug|Any CPU.ActiveCfg = Debug|Any CPU
		{927EC277-BABB-4E7B-97DF-219E54C313CB}.Debug|Any CPU.Build.0 = Debug|Any CPU
		{927EC277-BABB-4E7B-97DF-219E54C313CB}.Release|Any CPU.ActiveCfg = Release|Any CPU
		{927EC277-BABB-4E7B-97DF-219E54C313CB}.Release|Any CPU.Build.0 = Release|Any CPU
	EndGlobalSection
	GlobalSection(SolutionProperties) = preSolution
		HideSolutionNode = FALSE
	EndGlobalSection
	GlobalSection(ExtensibilityGlobals) = postSolution
		SolutionGuid = {8E63D133-D5E2-4B2B-99D9-B8EB85E4B8D2}
	EndGlobalSection
EndGlobal
