
Microsoft Visual Studio Solution File, Format Version 12.00
# Visual Studio Version 16
VisualStudioVersion = 16.0.808.4
MinimumVisualStudioVersion = 10.0.40219.1
Project("{FAE04EC0-301F-11D3-BF4B-00C04F79EFBC}") = "CosmosGremlinTrigger", "CosmosGremlinTrigger.csproj", "{952BD9E2-B9AA-437A-883F-1A04304D80CF}"
EndProject
Global
	GlobalSection(SolutionConfigurationPlatforms) = preSolution
		Debug|Any CPU = Debug|Any CPU
		Release|Any CPU = Release|Any CPU
	EndGlobalSection
	GlobalSection(ProjectConfigurationPlatforms) = postSolution
		{952BD9E2-B9AA-437A-883F-1A04304D80CF}.Debug|Any CPU.ActiveCfg = Debug|Any CPU
		{952BD9E2-B9AA-437A-883F-1A04304D80CF}.Debug|Any CPU.Build.0 = Debug|Any CPU
		{952BD9E2-B9AA-437A-883F-1A04304D80CF}.Release|Any CPU.ActiveCfg = Release|Any CPU
		{952BD9E2-B9AA-437A-883F-1A04304D80CF}.Release|Any CPU.Build.0 = Release|Any CPU
	EndGlobalSection
	GlobalSection(SolutionProperties) = preSolution
		HideSolutionNode = FALSE
	EndGlobalSection
	GlobalSection(ExtensibilityGlobals) = postSolution
		SolutionGuid = {675BE3C8-151C-48D7-B9D9-1DEC3C8BC5F2}
	EndGlobalSection
EndGlobal
