
Microsoft Visual Studio Solution File, Format Version 12.00
# Visual Studio 15
Project("{FAE04EC0-301F-11D3-BF4B-00C04F79EFBC}") = "CosmosSqlChangeFeedV3", "CosmosSqlChangeFeedV3.csproj", "{974671B6-A655-49FB-9A92-E2592E4CE213}"
EndProject
Global
	GlobalSection(SolutionConfigurationPlatforms) = preSolution
		Debug|Any CPU = Debug|Any CPU
		Release|Any CPU = Release|Any CPU
	EndGlobalSection
	GlobalSection(ProjectConfigurationPlatforms) = postSolution
		{974671B6-A655-49FB-9A92-E2592E4CE213}.Debug|Any CPU.ActiveCfg = Debug|Any CPU
		{974671B6-A655-49FB-9A92-E2592E4CE213}.Debug|Any CPU.Build.0 = Debug|Any CPU
		{974671B6-A655-49FB-9A92-E2592E4CE213}.Release|Any CPU.ActiveCfg = Release|Any CPU
		{974671B6-A655-49FB-9A92-E2592E4CE213}.Release|Any CPU.Build.0 = Release|Any CPU
	EndGlobalSection
EndGlobal
