
Microsoft Visual Studio Solution File, Format Version 12.00
# Visual Studio Version 16
VisualStudioVersion = 16.0.808.0
MinimumVisualStudioVersion = 10.0.40219.1
Project("{FAE04EC0-301F-11D3-BF4B-00C04F79EFBC}") = "cart_data_generator", "cart_data_generator.csproj", "{6D6943D9-A2BF-4025-875B-3360285AA55A}"
EndProject
Global
	GlobalSection(SolutionConfigurationPlatforms) = preSolution
		Debug|Any CPU = Debug|Any CPU
		Release|Any CPU = Release|Any CPU
	EndGlobalSection
	GlobalSection(ProjectConfigurationPlatforms) = postSolution
		{6D6943D9-A2BF-4025-875B-3360285AA55A}.Debug|Any CPU.ActiveCfg = Debug|Any CPU
		{6D6943D9-A2BF-4025-875B-3360285AA55A}.Debug|Any CPU.Build.0 = Debug|Any CPU
		{6D6943D9-A2BF-4025-875B-3360285AA55A}.Release|Any CPU.ActiveCfg = Release|Any CPU
		{6D6943D9-A2BF-4025-875B-3360285AA55A}.Release|Any CPU.Build.0 = Release|Any CPU
	EndGlobalSection
	GlobalSection(SolutionProperties) = preSolution
		HideSolutionNode = FALSE
	EndGlobalSection
	GlobalSection(ExtensibilityGlobals) = postSolution
		SolutionGuid = {DEB03676-3FA9-472E-A081-9CA3BE16B399}
	EndGlobalSection
EndGlobal
